
Microsoft Visual Studio Solution File, Format Version 12.00
# Visual Studio Version 17
VisualStudioVersion = 17.0.31903.59
MinimumVisualStudioVersion = 10.0.40219.1
Project("{2150E333-8FDC-42A3-9474-1A3956D46DE8}") = "Task0", "Task0", "{F3AA0225-9BFD-43F7-8C87-A68E60E1FDEA}"
EndProject
Project("{9A19103F-16F7-4668-BE54-9A1E7A4F7556}") = "Tyuiu.MajdQadhi.Sprint4.Task0.V1", "Tyuiu.MajdQadhi.Sprint4.Task0.V1\Tyuiu.MajdQadhi.Sprint4.Task0.V1.csproj", "{35E1BB15-B997-46AD-BB5B-88396E57C11C}"
EndProject
Project("{9A19103F-16F7-4668-BE54-9A1E7A4F7556}") = "Tyuiu.MajdQadhi.Sprint4.Task0.V1.Lib", "Tyuiu.MajdQadhi.Sprint4.Task0.V1.Lib\Tyuiu.MajdQadhi.Sprint4.Task0.V1.Lib.csproj", "{C4DA71C0-332A-4809-B41E-D1F54D078FD4}"
EndProject
Project("{9A19103F-16F7-4668-BE54-9A1E7A4F7556}") = "Tyuiu.MajdQadhi.Sprint4.Task0.V1.Test", "Tyuiu.MajdQadhi.Sprint4.Task0.V1.Test\Tyuiu.MajdQadhi.Sprint4.Task0.V1.Test.csproj", "{B8CD4B07-533A-4625-B459-708ABE13A61B}"
EndProject
Project("{9A19103F-16F7-4668-BE54-9A1E7A4F7556}") = "Tyuiu.MajdQadhi.Sprint4.Task2.V30.Lib", "Tyuiu.MajdQadhi.Sprint4.Task2.V30.Lib\Tyuiu.MajdQadhi.Sprint4.Task2.V30.Lib.csproj", "{5F903ED5-C30F-487F-8120-18F44B7B53A1}"
EndProject
Project("{9A19103F-16F7-4668-BE54-9A1E7A4F7556}") = "Tyuiu.MajdQadhi.Sprint4.Task2.V30", "Tyuiu.MajdQadhi.Sprint4.Task2.V30\Tyuiu.MajdQadhi.Sprint4.Task2.V30.csproj", "{4ED9EDED-F1B7-4370-AAD5-3884A73455C9}"
EndProject
Project("{9A19103F-16F7-4668-BE54-9A1E7A4F7556}") = "Tyuiu.MajdQadhi.Sprint4.Task2.V30.Test", "Tyuiu.MajdQadhi.Sprint4.Task2.V30.Test\Tyuiu.MajdQadhi.Sprint4.Task2.V30.Test.csproj", "{4ADA62DF-39F9-426C-8391-424A1C6A8B92}"
EndProject
Project("{2150E333-8FDC-42A3-9474-1A3956D46DE8}") = "Task2", "Task2", "{0CE608AB-C69B-4EC8-A296-FD84AA7FD6DA}"
EndProject
Project("{2150E333-8FDC-42A3-9474-1A3956D46DE8}") = "Task3", "Task3", "{7A295C4F-2B2B-45FC-B2E2-BA6BE413B99B}"
EndProject
Project("{9A19103F-16F7-4668-BE54-9A1E7A4F7556}") = "Tyuiu.MajdQadhi.Sprint4.Task3.V7", "Tyuiu.MajdQadhi.Sprint4.Task3.V7\Tyuiu.MajdQadhi.Sprint4.Task3.V7.csproj", "{3F70A551-9D22-4248-9A2C-71C5E0D982C2}"
EndProject
Project("{9A19103F-16F7-4668-BE54-9A1E7A4F7556}") = "Tyuiu.MajdQadhi.Sprint4.Task3.V7.Lib", "Tyuiu.MajdQadhi.Sprint4.Task3.V7.Lib\Tyuiu.MajdQadhi.Sprint4.Task3.V7.Lib.csproj", "{593463B8-B89C-4A96-9548-0A0296D8F1D9}"
EndProject
Project("{9A19103F-16F7-4668-BE54-9A1E7A4F7556}") = "Tyuiu.MajdQadhi.Sprint4.Task3.V7.Test", "Tyuiu.MajdQadhi.Sprint4.Task3.V7.Test\Tyuiu.MajdQadhi.Sprint4.Task3.V7.Test.csproj", "{DF27F0FE-8777-438F-9A2B-8DBD31793DCF}"
EndProject
Project("{2150E333-8FDC-42A3-9474-1A3956D46DE8}") = "Task4", "Task4", "{4FB8AE4D-99EB-446D-B92A-F07CC894B277}"
EndProject
Project("{9A19103F-16F7-4668-BE54-9A1E7A4F7556}") = "Tyuiu.MajdQadhi.Sprint4.Task4.V4", "Tyuiu.MajdQadhi.Sprint4.Task4.V4\Tyuiu.MajdQadhi.Sprint4.Task4.V4.csproj", "{369DCF26-BF3C-498E-B933-D962CCF417A7}"
EndProject
Project("{9A19103F-16F7-4668-BE54-9A1E7A4F7556}") = "Tyuiu.MajdQadhi.Sprint4.Task4.V4.Lib", "Tyuiu.MajdQadhi.Sprint4.Task4.V4.Lib\Tyuiu.MajdQadhi.Sprint4.Task4.V4.Lib.csproj", "{CB2E5F5E-2D5F-435B-80D4-119278C4B708}"
EndProject
Project("{9A19103F-16F7-4668-BE54-9A1E7A4F7556}") = "Tyuiu.MajdQadhi.Sprint4.Task4.V4.Test", "Tyuiu.MajdQadhi.Sprint4.Task4.V4.Test\Tyuiu.MajdQadhi.Sprint4.Task4.V4.Test.csproj", "{C3A25C7E-652F-4F8B-A235-079198B1A5E0}"
EndProject
Project("{9A19103F-16F7-4668-BE54-9A1E7A4F7556}") = "Tyuiu.MajdQadhi.Sprint4.Task5.V18.Lib", "Tyuiu.MajdQadhi.Sprint4.Task5.V18.Lib\Tyuiu.MajdQadhi.Sprint4.Task5.V18.Lib.csproj", "{3662C9B4-82E0-4226-96FD-8C7A1871A9D9}"
EndProject
Project("{9A19103F-16F7-4668-BE54-9A1E7A4F7556}") = "Tyuiu.MajdQadhi.Sprint4.Task5.V18", "Tyuiu.MajdQadhi.Sprint4.Task5.V18\Tyuiu.MajdQadhi.Sprint4.Task5.V18.csproj", "{16758664-C63B-43C2-9A29-254ADD1D1A31}"
EndProject
Project("{9A19103F-16F7-4668-BE54-9A1E7A4F7556}") = "Tyuiu.MajdQadhi.Sprint4.Task5.V18.Test", "Tyuiu.MajdQadhi.Sprint4.Task5.V18.Test\Tyuiu.MajdQadhi.Sprint4.Task5.V18.Test.csproj", "{7030E877-0D67-4F36-833E-F34200516F26}"
EndProject
Project("{2150E333-8FDC-42A3-9474-1A3956D46DE8}") = "Task5", "Task5", "{21CA0576-5365-43BB-8BB8-DBA66434C0B3}"
EndProject
Project("{9A19103F-16F7-4668-BE54-9A1E7A4F7556}") = "Tyuiu.MajdQadhi.Sprint4.Task6.V21.Lib", "Tyuiu.MajdQadhi.Sprint4.Task6.V21.Lib\Tyuiu.MajdQadhi.Sprint4.Task6.V21.Lib.csproj", "{2F1691C7-B018-43FC-B1CC-C76110C4779B}"
EndProject
Project("{9A19103F-16F7-4668-BE54-9A1E7A4F7556}") = "Tyuiu.MajdQadhi.Sprint4.Task6.V21", "Tyuiu.MajdQadhi.Sprint4.Task6.V21\Tyuiu.MajdQadhi.Sprint4.Task6.V21.csproj", "{C366913F-C18F-40BD-BF5E-E465243CE40F}"
EndProject
Project("{9A19103F-16F7-4668-BE54-9A1E7A4F7556}") = "Tyuiu.MajdQadhi.Sprint4.Task6.V21.Test", "Tyuiu.MajdQadhi.Sprint4.Task6.V21.Test\Tyuiu.MajdQadhi.Sprint4.Task6.V21.Test.csproj", "{2522FCD5-2D3D-413C-9548-48693004D946}"
EndProject
Project("{2150E333-8FDC-42A3-9474-1A3956D46DE8}") = "Task6", "Task6", "{36DF8DA9-CACB-4648-99BF-4450502CCEDE}"
EndProject
Project("{2150E333-8FDC-42A3-9474-1A3956D46DE8}") = "Task7", "Task7", "{6C74754F-4117-47D7-9D6C-990192B8A89B}"
EndProject
Project("{9A19103F-16F7-4668-BE54-9A1E7A4F7556}") = "Tyuiu.MajdQadhi.Sprint4.Task7.V26", "Tyuiu.MajdQadhi.Sprint4.Task7.V26\Tyuiu.MajdQadhi.Sprint4.Task7.V26.csproj", "{4A1D78B8-4D3A-4616-8DE6-A776AEF46E39}"
EndProject
Project("{9A19103F-16F7-4668-BE54-9A1E7A4F7556}") = "Tyuiu.MajdQadhi.Sprint4.Task7.V26.Lib", "Tyuiu.MajdQadhi.Sprint4.Task7.V26.Lib\Tyuiu.MajdQadhi.Sprint4.Task7.V26.Lib.csproj", "{9B814D10-5FF6-4714-B5A4-947482359058}"
EndProject
Project("{9A19103F-16F7-4668-BE54-9A1E7A4F7556}") = "Tyuiu.MajdQadhi.Sprint4.Task7.V26.Test", "Tyuiu.MajdQadhi.Sprint4.Task7.V26.Test\Tyuiu.MajdQadhi.Sprint4.Task7.V26.Test.csproj", "{8D33D90C-967A-40DA-8BFF-7B2E600E1D2E}"
EndProject
Global
	GlobalSection(SolutionConfigurationPlatforms) = preSolution
		Debug|Any CPU = Debug|Any CPU
		Release|Any CPU = Release|Any CPU
	EndGlobalSection
	GlobalSection(ProjectConfigurationPlatforms) = postSolution
		{35E1BB15-B997-46AD-BB5B-88396E57C11C}.Debug|Any CPU.ActiveCfg = Debug|Any CPU
		{35E1BB15-B997-46AD-BB5B-88396E57C11C}.Debug|Any CPU.Build.0 = Debug|Any CPU
		{35E1BB15-B997-46AD-BB5B-88396E57C11C}.Release|Any CPU.ActiveCfg = Release|Any CPU
		{35E1BB15-B997-46AD-BB5B-88396E57C11C}.Release|Any CPU.Build.0 = Release|Any CPU
		{C4DA71C0-332A-4809-B41E-D1F54D078FD4}.Debug|Any CPU.ActiveCfg = Debug|Any CPU
		{C4DA71C0-332A-4809-B41E-D1F54D078FD4}.Debug|Any CPU.Build.0 = Debug|Any CPU
		{C4DA71C0-332A-4809-B41E-D1F54D078FD4}.Release|Any CPU.ActiveCfg = Release|Any CPU
		{C4DA71C0-332A-4809-B41E-D1F54D078FD4}.Release|Any CPU.Build.0 = Release|Any CPU
		{B8CD4B07-533A-4625-B459-708ABE13A61B}.Debug|Any CPU.ActiveCfg = Debug|Any CPU
		{B8CD4B07-533A-4625-B459-708ABE13A61B}.Debug|Any CPU.Build.0 = Debug|Any CPU
		{B8CD4B07-533A-4625-B459-708ABE13A61B}.Release|Any CPU.ActiveCfg = Release|Any CPU
		{B8CD4B07-533A-4625-B459-708ABE13A61B}.Release|Any CPU.Build.0 = Release|Any CPU
		{5F903ED5-C30F-487F-8120-18F44B7B53A1}.Debug|Any CPU.ActiveCfg = Debug|Any CPU
		{5F903ED5-C30F-487F-8120-18F44B7B53A1}.Debug|Any CPU.Build.0 = Debug|Any CPU
		{5F903ED5-C30F-487F-8120-18F44B7B53A1}.Release|Any CPU.ActiveCfg = Release|Any CPU
		{5F903ED5-C30F-487F-8120-18F44B7B53A1}.Release|Any CPU.Build.0 = Release|Any CPU
		{4ED9EDED-F1B7-4370-AAD5-3884A73455C9}.Debug|Any CPU.ActiveCfg = Debug|Any CPU
		{4ED9EDED-F1B7-4370-AAD5-3884A73455C9}.Debug|Any CPU.Build.0 = Debug|Any CPU
		{4ED9EDED-F1B7-4370-AAD5-3884A73455C9}.Release|Any CPU.ActiveCfg = Release|Any CPU
		{4ED9EDED-F1B7-4370-AAD5-3884A73455C9}.Release|Any CPU.Build.0 = Release|Any CPU
		{4ADA62DF-39F9-426C-8391-424A1C6A8B92}.Debug|Any CPU.ActiveCfg = Debug|Any CPU
		{4ADA62DF-39F9-426C-8391-424A1C6A8B92}.Debug|Any CPU.Build.0 = Debug|Any CPU
		{4ADA62DF-39F9-426C-8391-424A1C6A8B92}.Release|Any CPU.ActiveCfg = Release|Any CPU
		{4ADA62DF-39F9-426C-8391-424A1C6A8B92}.Release|Any CPU.Build.0 = Release|Any CPU
		{3F70A551-9D22-4248-9A2C-71C5E0D982C2}.Debug|Any CPU.ActiveCfg = Debug|Any CPU
		{3F70A551-9D22-4248-9A2C-71C5E0D982C2}.Debug|Any CPU.Build.0 = Debug|Any CPU
		{3F70A551-9D22-4248-9A2C-71C5E0D982C2}.Release|Any CPU.ActiveCfg = Release|Any CPU
		{3F70A551-9D22-4248-9A2C-71C5E0D982C2}.Release|Any CPU.Build.0 = Release|Any CPU
		{593463B8-B89C-4A96-9548-0A0296D8F1D9}.Debug|Any CPU.ActiveCfg = Debug|Any CPU
		{593463B8-B89C-4A96-9548-0A0296D8F1D9}.Debug|Any CPU.Build.0 = Debug|Any CPU
		{593463B8-B89C-4A96-9548-0A0296D8F1D9}.Release|Any CPU.ActiveCfg = Release|Any CPU
		{593463B8-B89C-4A96-9548-0A0296D8F1D9}.Release|Any CPU.Build.0 = Release|Any CPU
		{DF27F0FE-8777-438F-9A2B-8DBD31793DCF}.Debug|Any CPU.ActiveCfg = Debug|Any CPU
		{DF27F0FE-8777-438F-9A2B-8DBD31793DCF}.Debug|Any CPU.Build.0 = Debug|Any CPU
		{DF27F0FE-8777-438F-9A2B-8DBD31793DCF}.Release|Any CPU.ActiveCfg = Release|Any CPU
		{DF27F0FE-8777-438F-9A2B-8DBD31793DCF}.Release|Any CPU.Build.0 = Release|Any CPU
		{369DCF26-BF3C-498E-B933-D962CCF417A7}.Debug|Any CPU.ActiveCfg = Debug|Any CPU
		{369DCF26-BF3C-498E-B933-D962CCF417A7}.Debug|Any CPU.Build.0 = Debug|Any CPU
		{369DCF26-BF3C-498E-B933-D962CCF417A7}.Release|Any CPU.ActiveCfg = Release|Any CPU
		{369DCF26-BF3C-498E-B933-D962CCF417A7}.Release|Any CPU.Build.0 = Release|Any CPU
		{CB2E5F5E-2D5F-435B-80D4-119278C4B708}.Debug|Any CPU.ActiveCfg = Debug|Any CPU
		{CB2E5F5E-2D5F-435B-80D4-119278C4B708}.Debug|Any CPU.Build.0 = Debug|Any CPU
		{CB2E5F5E-2D5F-435B-80D4-119278C4B708}.Release|Any CPU.ActiveCfg = Release|Any CPU
		{CB2E5F5E-2D5F-435B-80D4-119278C4B708}.Release|Any CPU.Build.0 = Release|Any CPU
		{C3A25C7E-652F-4F8B-A235-079198B1A5E0}.Debug|Any CPU.ActiveCfg = Debug|Any CPU
		{C3A25C7E-652F-4F8B-A235-079198B1A5E0}.Debug|Any CPU.Build.0 = Debug|Any CPU
		{C3A25C7E-652F-4F8B-A235-079198B1A5E0}.Release|Any CPU.ActiveCfg = Release|Any CPU
		{C3A25C7E-652F-4F8B-A235-079198B1A5E0}.Release|Any CPU.Build.0 = Release|Any CPU
		{3662C9B4-82E0-4226-96FD-8C7A1871A9D9}.Debug|Any CPU.ActiveCfg = Debug|Any CPU
		{3662C9B4-82E0-4226-96FD-8C7A1871A9D9}.Debug|Any CPU.Build.0 = Debug|Any CPU
		{3662C9B4-82E0-4226-96FD-8C7A1871A9D9}.Release|Any CPU.ActiveCfg = Release|Any CPU
		{3662C9B4-82E0-4226-96FD-8C7A1871A9D9}.Release|Any CPU.Build.0 = Release|Any CPU
		{16758664-C63B-43C2-9A29-254ADD1D1A31}.Debug|Any CPU.ActiveCfg = Debug|Any CPU
		{16758664-C63B-43C2-9A29-254ADD1D1A31}.Debug|Any CPU.Build.0 = Debug|Any CPU
		{16758664-C63B-43C2-9A29-254ADD1D1A31}.Release|Any CPU.ActiveCfg = Release|Any CPU
		{16758664-C63B-43C2-9A29-254ADD1D1A31}.Release|Any CPU.Build.0 = Release|Any CPU
		{7030E877-0D67-4F36-833E-F34200516F26}.Debug|Any CPU.ActiveCfg = Debug|Any CPU
		{7030E877-0D67-4F36-833E-F34200516F26}.Debug|Any CPU.Build.0 = Debug|Any CPU
		{7030E877-0D67-4F36-833E-F34200516F26}.Release|Any CPU.ActiveCfg = Release|Any CPU
		{7030E877-0D67-4F36-833E-F34200516F26}.Release|Any CPU.Build.0 = Release|Any CPU
		{2F1691C7-B018-43FC-B1CC-C76110C4779B}.Debug|Any CPU.ActiveCfg = Debug|Any CPU
		{2F1691C7-B018-43FC-B1CC-C76110C4779B}.Debug|Any CPU.Build.0 = Debug|Any CPU
		{2F1691C7-B018-43FC-B1CC-C76110C4779B}.Release|Any CPU.ActiveCfg = Release|Any CPU
		{2F1691C7-B018-43FC-B1CC-C76110C4779B}.Release|Any CPU.Build.0 = Release|Any CPU
		{C366913F-C18F-40BD-BF5E-E465243CE40F}.Debug|Any CPU.ActiveCfg = Debug|Any CPU
		{C366913F-C18F-40BD-BF5E-E465243CE40F}.Debug|Any CPU.Build.0 = Debug|Any CPU
		{C366913F-C18F-40BD-BF5E-E465243CE40F}.Release|Any CPU.ActiveCfg = Release|Any CPU
		{C366913F-C18F-40BD-BF5E-E465243CE40F}.Release|Any CPU.Build.0 = Release|Any CPU
		{2522FCD5-2D3D-413C-9548-48693004D946}.Debug|Any CPU.ActiveCfg = Debug|Any CPU
		{2522FCD5-2D3D-413C-9548-48693004D946}.Debug|Any CPU.Build.0 = Debug|Any CPU
		{2522FCD5-2D3D-413C-9548-48693004D946}.Release|Any CPU.ActiveCfg = Release|Any CPU
		{2522FCD5-2D3D-413C-9548-48693004D946}.Release|Any CPU.Build.0 = Release|Any CPU
		{4A1D78B8-4D3A-4616-8DE6-A776AEF46E39}.Debug|Any CPU.ActiveCfg = Debug|Any CPU
		{4A1D78B8-4D3A-4616-8DE6-A776AEF46E39}.Debug|Any CPU.Build.0 = Debug|Any CPU
		{4A1D78B8-4D3A-4616-8DE6-A776AEF46E39}.Release|Any CPU.ActiveCfg = Release|Any CPU
		{4A1D78B8-4D3A-4616-8DE6-A776AEF46E39}.Release|Any CPU.Build.0 = Release|Any CPU
		{9B814D10-5FF6-4714-B5A4-947482359058}.Debug|Any CPU.ActiveCfg = Debug|Any CPU
		{9B814D10-5FF6-4714-B5A4-947482359058}.Debug|Any CPU.Build.0 = Debug|Any CPU
		{9B814D10-5FF6-4714-B5A4-947482359058}.Release|Any CPU.ActiveCfg = Release|Any CPU
		{9B814D10-5FF6-4714-B5A4-947482359058}.Release|Any CPU.Build.0 = Release|Any CPU
		{8D33D90C-967A-40DA-8BFF-7B2E600E1D2E}.Debug|Any CPU.ActiveCfg = Debug|Any CPU
		{8D33D90C-967A-40DA-8BFF-7B2E600E1D2E}.Debug|Any CPU.Build.0 = Debug|Any CPU
		{8D33D90C-967A-40DA-8BFF-7B2E600E1D2E}.Release|Any CPU.ActiveCfg = Release|Any CPU
		{8D33D90C-967A-40DA-8BFF-7B2E600E1D2E}.Release|Any CPU.Build.0 = Release|Any CPU
	EndGlobalSection
	GlobalSection(SolutionProperties) = preSolution
		HideSolutionNode = FALSE
	EndGlobalSection
	GlobalSection(NestedProjects) = preSolution
		{35E1BB15-B997-46AD-BB5B-88396E57C11C} = {F3AA0225-9BFD-43F7-8C87-A68E60E1FDEA}
		{C4DA71C0-332A-4809-B41E-D1F54D078FD4} = {F3AA0225-9BFD-43F7-8C87-A68E60E1FDEA}
		{B8CD4B07-533A-4625-B459-708ABE13A61B} = {F3AA0225-9BFD-43F7-8C87-A68E60E1FDEA}
		{5F903ED5-C30F-487F-8120-18F44B7B53A1} = {0CE608AB-C69B-4EC8-A296-FD84AA7FD6DA}
		{4ED9EDED-F1B7-4370-AAD5-3884A73455C9} = {0CE608AB-C69B-4EC8-A296-FD84AA7FD6DA}
		{4ADA62DF-39F9-426C-8391-424A1C6A8B92} = {0CE608AB-C69B-4EC8-A296-FD84AA7FD6DA}
		{3F70A551-9D22-4248-9A2C-71C5E0D982C2} = {7A295C4F-2B2B-45FC-B2E2-BA6BE413B99B}
		{593463B8-B89C-4A96-9548-0A0296D8F1D9} = {7A295C4F-2B2B-45FC-B2E2-BA6BE413B99B}
		{DF27F0FE-8777-438F-9A2B-8DBD31793DCF} = {7A295C4F-2B2B-45FC-B2E2-BA6BE413B99B}
		{369DCF26-BF3C-498E-B933-D962CCF417A7} = {4FB8AE4D-99EB-446D-B92A-F07CC894B277}
		{CB2E5F5E-2D5F-435B-80D4-119278C4B708} = {4FB8AE4D-99EB-446D-B92A-F07CC894B277}
		{C3A25C7E-652F-4F8B-A235-079198B1A5E0} = {4FB8AE4D-99EB-446D-B92A-F07CC894B277}
		{3662C9B4-82E0-4226-96FD-8C7A1871A9D9} = {21CA0576-5365-43BB-8BB8-DBA66434C0B3}
		{16758664-C63B-43C2-9A29-254ADD1D1A31} = {21CA0576-5365-43BB-8BB8-DBA66434C0B3}
		{7030E877-0D67-4F36-833E-F34200516F26} = {21CA0576-5365-43BB-8BB8-DBA66434C0B3}
		{2F1691C7-B018-43FC-B1CC-C76110C4779B} = {36DF8DA9-CACB-4648-99BF-4450502CCEDE}
		{C366913F-C18F-40BD-BF5E-E465243CE40F} = {36DF8DA9-CACB-4648-99BF-4450502CCEDE}
		{2522FCD5-2D3D-413C-9548-48693004D946} = {36DF8DA9-CACB-4648-99BF-4450502CCEDE}
		{4A1D78B8-4D3A-4616-8DE6-A776AEF46E39} = {6C74754F-4117-47D7-9D6C-990192B8A89B}
		{9B814D10-5FF6-4714-B5A4-947482359058} = {6C74754F-4117-47D7-9D6C-990192B8A89B}
		{8D33D90C-967A-40DA-8BFF-7B2E600E1D2E} = {6C74754F-4117-47D7-9D6C-990192B8A89B}
	EndGlobalSection
	GlobalSection(ExtensibilityGlobals) = postSolution
		SolutionGuid = {C84341EB-C5E2-4B30-A582-2ECDFA8520B3}
	EndGlobalSection
EndGlobal
